
Microsoft Visual Studio Solution File, Format Version 12.00
# Visual Studio Version 17
VisualStudioVersion = 17.1.32414.318
MinimumVisualStudioVersion = 10.0.40219.1
Project("{9A19103F-16F7-4668-BE54-9A1E7A4F7556}") = "BethanysPieShop", "BethanyPieShop5.0\BethanysPieShop.csproj", "{5C581959-AB73-4B68-9BF3-BAA6DA676938}"
EndProject
Global
	GlobalSection(SolutionConfigurationPlatforms) = preSolution
		Debug|Any CPU = Debug|Any CPU
		Release|Any CPU = Release|Any CPU
	EndGlobalSection
	GlobalSection(ProjectConfigurationPlatforms) = postSolution
		{5C581959-AB73-4B68-9BF3-BAA6DA676938}.Debug|Any CPU.ActiveCfg = Debug|Any CPU
		{5C581959-AB73-4B68-9BF3-BAA6DA676938}.Debug|Any CPU.Build.0 = Debug|Any CPU
		{5C581959-AB73-4B68-9BF3-BAA6DA676938}.Release|Any CPU.ActiveCfg = Release|Any CPU
		{5C581959-AB73-4B68-9BF3-BAA6DA676938}.Release|Any CPU.Build.0 = Release|Any CPU
	EndGlobalSection
	GlobalSection(SolutionProperties) = preSolution
		HideSolutionNode = FALSE
	EndGlobalSection
	GlobalSection(ExtensibilityGlobals) = postSolution
		SolutionGuid = {B0E93654-36ED-4215-801B-350F61660706}
	EndGlobalSection
EndGlobal
